{"is_source_file": false, "format": "", "description": "", "external_files": [], "external_methods": [], "published": [], "classes": [], "methods": [], "calls": [], "search-terms": [], "state": 2, "file_id": 36, "knowledge_revision": 75, "git_revision": "163baddaa845eefe5f899ec3858e04ad0cd8ef3d", "hash": "e9b4c3b42cef0193b7fddb548d37e652", "format-version": 4, "code-base-name": "default", "filename": "flask_backend_workspace/flask_backend/post_process_status.lock", "revision_history": [{"75": "163baddaa845eefe5f899ec3858e04ad0cd8ef3d"}]}